
Microsoft Visual Studio Solution File, Format Version 12.00
# Visual Studio Version 16
VisualStudioVersion = 16.0.30523.141
MinimumVisualStudioVersion = 10.0.40219.1
Project("{FAE04EC0-301F-11D3-BF4B-00C04F79EFBC}") = "TP1_project", "TP1_project.csproj", "{87AB2DA3-794A-4D7B-A3BD-10901BEC2745}"
EndProject
Global
	GlobalSection(SolutionConfigurationPlatforms) = preSolution
		Debug|Any CPU = Debug|Any CPU
		Release|Any CPU = Release|Any CPU
	EndGlobalSection
	GlobalSection(ProjectConfigurationPlatforms) = postSolution
		{87AB2DA3-794A-4D7B-A3BD-10901BEC2745}.Debug|Any CPU.ActiveCfg = Debug|Any CPU
		{87AB2DA3-794A-4D7B-A3BD-10901BEC2745}.Debug|Any CPU.Build.0 = Debug|Any CPU
		{87AB2DA3-794A-4D7B-A3BD-10901BEC2745}.Release|Any CPU.ActiveCfg = Release|Any CPU
		{87AB2DA3-794A-4D7B-A3BD-10901BEC2745}.Release|Any CPU.Build.0 = Release|Any CPU
	EndGlobalSection
	GlobalSection(SolutionProperties) = preSolution
		HideSolutionNode = FALSE
	EndGlobalSection
	GlobalSection(ExtensibilityGlobals) = postSolution
		SolutionGuid = {726F2F25-008F-4968-82AA-709D627DCD40}
	EndGlobalSection
EndGlobal
